{
  "version": "5",
  "specifiers": {
    "jsr:@hono/hono@^4.12.19": "4.12.19",
    "jsr:@std/assert@1": "1.0.19",
    "jsr:@std/internal@^1.0.12": "1.0.13"
  },
  "jsr": {
    "@hono/hono@4.12.19": {
      "integrity": "8c26d8a46ef1d4038a5ab697ad86f687ada25125c58016f28b493610484afc72"
    },
    "@std/assert@1.0.19": {
      "integrity": "eaada96ee120cb980bc47e040f82814d786fe8162ecc53c91d8df60b8755991e",
      "dependencies": [
        "jsr:@std/internal"
      ]
    },
    "@std/internal@1.0.13": {
      "integrity": "2f9546691d4ac2d32859c82dff284aaeac980ddeca38430d07941e7e288725c0"
    }
  },
  "workspace": {
    "members": {
      "apps/connector": {
        "dependencies": [
          "jsr:@std/assert@1"
        ]
      },
      "apps/nightd": {
        "dependencies": [
          "jsr:@hono/hono@^4.12.19"
        ]
      }
    }
  }
}
