version = 1
revision = 3
requires-python = ">=3.14"

[[package]]
name = "click"
version = "8.3.1"
source = { registry = "https://pypi.org/simple" }
dependencies = [
    { name = "colorama", marker = "sys_platform == 'win32'" },
]
sdist = { url = "https://files.pythonhosted.org/packages/3d/fa/656b739db8587d7b5dfa22e22ed02566950fbfbcdc20311993483657a5c0/click-8.3.1.tar.gz", hash = "sha256:12ff4785d337a1bb490bb7e9c2b1ee5da3112e94a8622f26a6c77f5d2fc6842a", size = 295065, upload-time = "2025-11-15T20:45:42.706Z" }
wheels = [
    { url = "https://files.pythonhosted.org/packages/98/78/01c019cdb5d6498122777c1a43056ebb3ebfeef2076d9d026bfe15583b2b/click-8.3.1-py3-none-any.whl", hash = "sha256:981153a64e25f12d547d3426c367a4857371575ee7ad18df2a6183ab0545b2a6", size = 108274, upload-time = "2025-11-15T20:45:41.139Z" },
]

[[package]]
name = "colorama"
version = "0.4.6"
source = { registry = "https://pypi.org/simple" }
sdist = { url = "https://files.pythonhosted.org/packages/d8/53/6f443c9a4a8358a93a6792e2acffb9d9d5cb0a5cfd8802644b7b1c9a02e4/colorama-0.4.6.tar.gz", hash = "sha256:08695f5cb7ed6e0531a20572697297273c47b8cae5a63ffc6d6ed5c201be6e44", size = 27697, upload-time = "2022-10-25T02:36:22.414Z" }
wheels = [
    { url = "https://files.pythonhosted.org/packages/d1/d6/3965ed04c63042e047cb6a3e6ed1a63a35087b6a609aa3a15ed8ac56c221/colorama-0.4.6-py2.py3-none-any.whl", hash = "sha256:4f1d9991f5acc0ca119f9d443620b77f9d6b33703e51011c16baf57afb285fc6", size = 25335, upload-time = "2022-10-25T02:36:20.889Z" },
]

[[package]]
name = "deepmerge"
version = "2.0"
source = { registry = "https://pypi.org/simple" }
sdist = { url = "https://files.pythonhosted.org/packages/a8/3a/b0ba594708f1ad0bc735884b3ad854d3ca3bdc1d741e56e40bbda6263499/deepmerge-2.0.tar.gz", hash = "sha256:5c3d86081fbebd04dd5de03626a0607b809a98fb6ccba5770b62466fe940ff20", size = 19890, upload-time = "2024-08-30T05:31:50.308Z" }
wheels = [
    { url = "https://files.pythonhosted.org/packages/2d/82/e5d2c1c67d19841e9edc74954c827444ae826978499bde3dfc1d007c8c11/deepmerge-2.0-py3-none-any.whl", hash = "sha256:6de9ce507115cff0bed95ff0ce9ecc31088ef50cbdf09bc90a09349a318b3d00", size = 13475, upload-time = "2024-08-30T05:31:48.659Z" },
]

[[package]]
name = "iniconfig"
version = "2.3.0"
source = { registry = "https://pypi.org/simple" }
sdist = { url = "https://files.pythonhosted.org/packages/72/34/14ca021ce8e5dfedc35312d08ba8bf51fdd999c576889fc2c24cb97f4f10/iniconfig-2.3.0.tar.gz", hash = "sha256:c76315c77db068650d49c5b56314774a7804df16fee4402c1f19d6d15d8c4730", size = 20503, upload-time = "2025-10-18T21:55:43.219Z" }
wheels = [
    { url = "https://files.pythonhosted.org/packages/cb/b1/3846dd7f199d53cb17f49cba7e651e9ce294d8497c8c150530ed11865bb8/iniconfig-2.3.0-py3-none-any.whl", hash = "sha256:f631c04d2c48c52b84d0d0549c99ff3859c98df65b3101406327ecc7d53fbf12", size = 7484, upload-time = "2025-10-18T21:55:41.639Z" },
]

[[package]]
name = "markdown"
version = "3.10.2"
source = { registry = "https://pypi.org/simple" }
sdist = { url = "https://files.pythonhosted.org/packages/2b/f4/69fa6ed85ae003c2378ffa8f6d2e3234662abd02c10d216c0ba96081a238/markdown-3.10.2.tar.gz", hash = "sha256:994d51325d25ad8aa7ce4ebaec003febcce822c3f8c911e3b17c52f7f589f950", size = 368805, upload-time = "2026-02-09T14:57:26.942Z" }
wheels = [
    { url = "https://files.pythonhosted.org/packages/de/1f/77fa3081e4f66ca3576c896ae5d31c3002ac6607f9747d2e3aa49227e464/markdown-3.10.2-py3-none-any.whl", hash = "sha256:e91464b71ae3ee7afd3017d9f358ef0baf158fd9a298db92f1d4761133824c36", size = 108180, upload-time = "2026-02-09T14:57:25.787Z" },
]

[[package]]
name = "nightd"
version = "0.1.0"
source = { virtual = "." }

[package.dev-dependencies]
dev = [
    { name = "pytest" },
    { name = "ruff" },
    { name = "ty" },
    { name = "zensical" },
]

[package.metadata]

[package.metadata.requires-dev]
dev = [
    { name = "pytest", specifier = ">=9.0.2" },
    { name = "ruff", specifier = ">=0.15.2" },
    { name = "ty", specifier = ">=0.0.17" },
    { name = "zensical", specifier = ">=0.0.23" },
]

[[package]]
name = "packaging"
version = "26.0"
source = { registry = "https://pypi.org/simple" }
sdist = { url = "https://files.pythonhosted.org/packages/65/ee/299d360cdc32edc7d2cf530f3accf79c4fca01e96ffc950d8a52213bd8e4/packaging-26.0.tar.gz", hash = "sha256:00243ae351a257117b6a241061796684b084ed1c516a08c48a3f7e147a9d80b4", size = 143416, upload-time = "2026-01-21T20:50:39.064Z" }
wheels = [
    { url = "https://files.pythonhosted.org/packages/b7/b9/c538f279a4e237a006a2c98387d081e9eb060d203d8ed34467cc0f0b9b53/packaging-26.0-py3-none-any.whl", hash = "sha256:b36f1fef9334a5588b4166f8bcd26a14e521f2b55e6b9de3aaa80d3ff7a37529", size = 74366, upload-time = "2026-01-21T20:50:37.788Z" },
]

[[package]]
name = "pluggy"
version = "1.6.0"
source = { registry = "https://pypi.org/simple" }
sdist = { url = "https://files.pythonhosted.org/packages/f9/e2/3e91f31a7d2b083fe6ef3fa267035b518369d9511ffab804f839851d2779/pluggy-1.6.0.tar.gz", hash = "sha256:7dcc130b76258d33b90f61b658791dede3486c3e6bfb003ee5c9bfb396dd22f3", size = 69412, upload-time = "2025-05-15T12:30:07.975Z" }
wheels = [
    { url = "https://files.pythonhosted.org/packages/54/20/4d324d65cc6d9205fabedc306948156824eb9f0ee1633355a8f7ec5c66bf/pluggy-1.6.0-py3-none-any.whl", hash = "sha256:e920276dd6813095e9377c0bc5566d94c932c33b27a3e3945d8389c374dd4746", size = 20538, upload-time = "2025-05-15T12:30:06.134Z" },
]

[[package]]
name = "pygments"
version = "2.19.2"
source = { registry = "https://pypi.org/simple" }
sdist = { url = "https://files.pythonhosted.org/packages/b0/77/a5b8c569bf593b0140bde72ea885a803b82086995367bf2037de0159d924/pygments-2.19.2.tar.gz", hash = "sha256:636cb2477cec7f8952536970bc533bc43743542f70392ae026374600add5b887", size = 4968631, upload-time = "2025-06-21T13:39:12.283Z" }
wheels = [
    { url = "https://files.pythonhosted.org/packages/c7/21/705964c7812476f378728bdf590ca4b771ec72385c533964653c68e86bdc/pygments-2.19.2-py3-none-any.whl", hash = "sha256:86540386c03d588bb81d44bc3928634ff26449851e99741617ecb9037ee5ec0b", size = 1225217, upload-time = "2025-06-21T13:39:07.939Z" },
]

[[package]]
name = "pymdown-extensions"
version = "10.21"
source = { registry = "https://pypi.org/simple" }
dependencies = [
    { name = "markdown" },
    { name = "pyyaml" },
]
sdist = { url = "https://files.pythonhosted.org/packages/ba/63/06673d1eb6d8f83c0ea1f677d770e12565fb516928b4109c9e2055656a9e/pymdown_extensions-10.21.tar.gz", hash = "sha256:39f4a020f40773f6b2ff31d2cd2546c2c04d0a6498c31d9c688d2be07e1767d5", size = 853363, upload-time = "2026-02-15T20:44:06.748Z" }
wheels = [
    { url = "https://files.pythonhosted.org/packages/6f/2c/5b079febdc65e1c3fb2729bf958d18b45be7113828528e8a0b5850dd819a/pymdown_extensions-10.21-py3-none-any.whl", hash = "sha256:91b879f9f864d49794c2d9534372b10150e6141096c3908a455e45ca72ad9d3f", size = 268877, upload-time = "2026-02-15T20:44:05.464Z" },
]

[[package]]
name = "pytest"
version = "9.0.2"
source = { registry = "https://pypi.org/simple" }
dependencies = [
    { name = "colorama", marker = "sys_platform == 'win32'" },
    { name = "iniconfig" },
    { name = "packaging" },
    { name = "pluggy" },
    { name = "pygments" },
]
sdist = { url = "https://files.pythonhosted.org/packages/d1/db/7ef3487e0fb0049ddb5ce41d3a49c235bf9ad299b6a25d5780a89f19230f/pytest-9.0.2.tar.gz", hash = "sha256:75186651a92bd89611d1d9fc20f0b4345fd827c41ccd5c299a868a05d70edf11", size = 1568901, upload-time = "2025-12-06T21:30:51.014Z" }
wheels = [
    { url = "https://files.pythonhosted.org/packages/3b/ab/b3226f0bd7cdcf710fbede2b3548584366da3b19b5021e74f5bde2a8fa3f/pytest-9.0.2-py3-none-any.whl", hash = "sha256:711ffd45bf766d5264d487b917733b453d917afd2b0ad65223959f59089f875b", size = 374801, upload-time = "2025-12-06T21:30:49.154Z" },
]

[[package]]
name = "pyyaml"
version = "6.0.3"
source = { registry = "https://pypi.org/simple" }
sdist = { url = "https://files.pythonhosted.org/packages/05/8e/961c0007c59b8dd7729d542c61a4d537767a59645b82a0b521206e1e25c2/pyyaml-6.0.3.tar.gz", hash = "sha256:d76623373421df22fb4cf8817020cbb7ef15c725b9d5e45f17e189bfc384190f", size = 130960, upload-time = "2025-09-25T21:33:16.546Z" }
wheels = [
    { url = "https://files.pythonhosted.org/packages/9d/8c/f4bd7f6465179953d3ac9bc44ac1a8a3e6122cf8ada906b4f96c60172d43/pyyaml-6.0.3-cp314-cp314-macosx_10_13_x86_64.whl", hash = "sha256:8d1fab6bb153a416f9aeb4b8763bc0f22a5586065f86f7664fc23339fc1c1fac", size = 181814, upload-time = "2025-09-25T21:32:35.712Z" },
    { url = "https://files.pythonhosted.org/packages/bd/9c/4d95bb87eb2063d20db7b60faa3840c1b18025517ae857371c4dd55a6b3a/pyyaml-6.0.3-cp314-cp314-macosx_11_0_arm64.whl", hash = "sha256:34d5fcd24b8445fadc33f9cf348c1047101756fd760b4dacb5c3e99755703310", size = 173809, upload-time = "2025-09-25T21:32:36.789Z" },
    { url = "https://files.pythonhosted.org/packages/92/b5/47e807c2623074914e29dabd16cbbdd4bf5e9b2db9f8090fa64411fc5382/pyyaml-6.0.3-cp314-cp314-manylinux2014_aarch64.manylinux_2_17_aarch64.manylinux_2_28_aarch64.whl", hash = "sha256:501a031947e3a9025ed4405a168e6ef5ae3126c59f90ce0cd6f2bfc477be31b7", size = 766454, upload-time = "2025-09-25T21:32:37.966Z" },
    { url = "https://files.pythonhosted.org/packages/02/9e/e5e9b168be58564121efb3de6859c452fccde0ab093d8438905899a3a483/pyyaml-6.0.3-cp314-cp314-manylinux2014_s390x.manylinux_2_17_s390x.manylinux_2_28_s390x.whl", hash = "sha256:b3bc83488de33889877a0f2543ade9f70c67d66d9ebb4ac959502e12de895788", size = 836355, upload-time = "2025-09-25T21:32:39.178Z" },
    { url = "https://files.pythonhosted.org/packages/88/f9/16491d7ed2a919954993e48aa941b200f38040928474c9e85ea9e64222c3/pyyaml-6.0.3-cp314-cp314-manylinux2014_x86_64.manylinux_2_17_x86_64.manylinux_2_28_x86_64.whl", hash = "sha256:c458b6d084f9b935061bc36216e8a69a7e293a2f1e68bf956dcd9e6cbcd143f5", size = 794175, upload-time = "2025-09-25T21:32:40.865Z" },
    { url = "https://files.pythonhosted.org/packages/dd/3f/5989debef34dc6397317802b527dbbafb2b4760878a53d4166579111411e/pyyaml-6.0.3-cp314-cp314-musllinux_1_2_aarch64.whl", hash = "sha256:7c6610def4f163542a622a73fb39f534f8c101d690126992300bf3207eab9764", size = 755228, upload-time = "2025-09-25T21:32:42.084Z" },
    { url = "https://files.pythonhosted.org/packages/d7/ce/af88a49043cd2e265be63d083fc75b27b6ed062f5f9fd6cdc223ad62f03e/pyyaml-6.0.3-cp314-cp314-musllinux_1_2_x86_64.whl", hash = "sha256:5190d403f121660ce8d1d2c1bb2ef1bd05b5f68533fc5c2ea899bd15f4399b35", size = 789194, upload-time = "2025-09-25T21:32:43.362Z" },
    { url = "https://files.pythonhosted.org/packages/23/20/bb6982b26a40bb43951265ba29d4c246ef0ff59c9fdcdf0ed04e0687de4d/pyyaml-6.0.3-cp314-cp314-win_amd64.whl", hash = "sha256:4a2e8cebe2ff6ab7d1050ecd59c25d4c8bd7e6f400f5f82b96557ac0abafd0ac", size = 156429, upload-time = "2025-09-25T21:32:57.844Z" },
    { url = "https://files.pythonhosted.org/packages/f4/f4/a4541072bb9422c8a883ab55255f918fa378ecf083f5b85e87fc2b4eda1b/pyyaml-6.0.3-cp314-cp314-win_arm64.whl", hash = "sha256:93dda82c9c22deb0a405ea4dc5f2d0cda384168e466364dec6255b293923b2f3", size = 143912, upload-time = "2025-09-25T21:32:59.247Z" },
    { url = "https://files.pythonhosted.org/packages/7c/f9/07dd09ae774e4616edf6cda684ee78f97777bdd15847253637a6f052a62f/pyyaml-6.0.3-cp314-cp314t-macosx_10_13_x86_64.whl", hash = "sha256:02893d100e99e03eda1c8fd5c441d8c60103fd175728e23e431db1b589cf5ab3", size = 189108, upload-time = "2025-09-25T21:32:44.377Z" },
    { url = "https://files.pythonhosted.org/packages/4e/78/8d08c9fb7ce09ad8c38ad533c1191cf27f7ae1effe5bb9400a46d9437fcf/pyyaml-6.0.3-cp314-cp314t-macosx_11_0_arm64.whl", hash = "sha256:c1ff362665ae507275af2853520967820d9124984e0f7466736aea23d8611fba", size = 183641, upload-time = "2025-09-25T21:32:45.407Z" },
    { url = "https://files.pythonhosted.org/packages/7b/5b/3babb19104a46945cf816d047db2788bcaf8c94527a805610b0289a01c6b/pyyaml-6.0.3-cp314-cp314t-manylinux2014_aarch64.manylinux_2_17_aarch64.manylinux_2_28_aarch64.whl", hash = "sha256:6adc77889b628398debc7b65c073bcb99c4a0237b248cacaf3fe8a557563ef6c", size = 831901, upload-time = "2025-09-25T21:32:48.83Z" },
    { url = "https://files.pythonhosted.org/packages/8b/cc/dff0684d8dc44da4d22a13f35f073d558c268780ce3c6ba1b87055bb0b87/pyyaml-6.0.3-cp314-cp314t-manylinux2014_s390x.manylinux_2_17_s390x.manylinux_2_28_s390x.whl", hash = "sha256:a80cb027f6b349846a3bf6d73b5e95e782175e52f22108cfa17876aaeff93702", size = 861132, upload-time = "2025-09-25T21:32:50.149Z" },
    { url = "https://files.pythonhosted.org/packages/b1/5e/f77dc6b9036943e285ba76b49e118d9ea929885becb0a29ba8a7c75e29fe/pyyaml-6.0.3-cp314-cp314t-manylinux2014_x86_64.manylinux_2_17_x86_64.manylinux_2_28_x86_64.whl", hash = "sha256:00c4bdeba853cc34e7dd471f16b4114f4162dc03e6b7afcc2128711f0eca823c", size = 839261, upload-time = "2025-09-25T21:32:51.808Z" },
    { url = "https://files.pythonhosted.org/packages/ce/88/a9db1376aa2a228197c58b37302f284b5617f56a5d959fd1763fb1675ce6/pyyaml-6.0.3-cp314-cp314t-musllinux_1_2_aarch64.whl", hash = "sha256:66e1674c3ef6f541c35191caae2d429b967b99e02040f5ba928632d9a7f0f065", size = 805272, upload-time = "2025-09-25T21:32:52.941Z" },
    { url = "https://files.pythonhosted.org/packages/da/92/1446574745d74df0c92e6aa4a7b0b3130706a4142b2d1a5869f2eaa423c6/pyyaml-6.0.3-cp314-cp314t-musllinux_1_2_x86_64.whl", hash = "sha256:16249ee61e95f858e83976573de0f5b2893b3677ba71c9dd36b9cf8be9ac6d65", size = 829923, upload-time = "2025-09-25T21:32:54.537Z" },
    { url = "https://files.pythonhosted.org/packages/f0/7a/1c7270340330e575b92f397352af856a8c06f230aa3e76f86b39d01b416a/pyyaml-6.0.3-cp314-cp314t-win_amd64.whl", hash = "sha256:4ad1906908f2f5ae4e5a8ddfce73c320c2a1429ec52eafd27138b7f1cbe341c9", size = 174062, upload-time = "2025-09-25T21:32:55.767Z" },
    { url = "https://files.pythonhosted.org/packages/f1/12/de94a39c2ef588c7e6455cfbe7343d3b2dc9d6b6b2f40c4c6565744c873d/pyyaml-6.0.3-cp314-cp314t-win_arm64.whl", hash = "sha256:ebc55a14a21cb14062aa4162f906cd962b28e2e9ea38f9b4391244cd8de4ae0b", size = 149341, upload-time = "2025-09-25T21:32:56.828Z" },
]

[[package]]
name = "ruff"
version = "0.15.2"
source = { registry = "https://pypi.org/simple" }
sdist = { url = "https://files.pythonhosted.org/packages/06/04/eab13a954e763b0606f460443fcbf6bb5a0faf06890ea3754ff16523dce5/ruff-0.15.2.tar.gz", hash = "sha256:14b965afee0969e68bb871eba625343b8673375f457af4abe98553e8bbb98342", size = 4558148, upload-time = "2026-02-19T22:32:20.271Z" }
wheels = [
    { url = "https://files.pythonhosted.org/packages/2f/70/3a4dc6d09b13cb3e695f28307e5d889b2e1a66b7af9c5e257e796695b0e6/ruff-0.15.2-py3-none-linux_armv6l.whl", hash = "sha256:120691a6fdae2f16d65435648160f5b81a9625288f75544dc40637436b5d3c0d", size = 10430565, upload-time = "2026-02-19T22:32:41.824Z" },
    { url = "https://files.pythonhosted.org/packages/71/0b/bb8457b56185ece1305c666dc895832946d24055be90692381c31d57466d/ruff-0.15.2-py3-none-macosx_10_12_x86_64.whl", hash = "sha256:a89056d831256099658b6bba4037ac6dd06f49d194199215befe2bb10457ea5e", size = 10820354, upload-time = "2026-02-19T22:32:07.366Z" },
    { url = "https://files.pythonhosted.org/packages/2d/c1/e0532d7f9c9e0b14c46f61b14afd563298b8b83f337b6789ddd987e46121/ruff-0.15.2-py3-none-macosx_11_0_arm64.whl", hash = "sha256:e36dee3a64be0ebd23c86ffa3aa3fd3ac9a712ff295e192243f814a830b6bd87", size = 10170767, upload-time = "2026-02-19T22:32:13.188Z" },
    { url = "https://files.pythonhosted.org/packages/47/e8/da1aa341d3af017a21c7a62fb5ec31d4e7ad0a93ab80e3a508316efbcb23/ruff-0.15.2-py3-none-manylinux_2_17_aarch64.manylinux2014_aarch64.whl", hash = "sha256:a9fb47b6d9764677f8c0a193c0943ce9a05d6763523f132325af8a858eadc2b9", size = 10529591, upload-time = "2026-02-19T22:32:02.547Z" },
    { url = "https://files.pythonhosted.org/packages/93/74/184fbf38e9f3510231fbc5e437e808f0b48c42d1df9434b208821efcd8d6/ruff-0.15.2-py3-none-manylinux_2_17_armv7l.manylinux2014_armv7l.whl", hash = "sha256:f376990f9d0d6442ea9014b19621d8f2aaf2b8e39fdbfc79220b7f0c596c9b80", size = 10260771, upload-time = "2026-02-19T22:32:36.938Z" },
    { url = "https://files.pythonhosted.org/packages/05/ac/605c20b8e059a0bc4b42360414baa4892ff278cec1c91fff4be0dceedefd/ruff-0.15.2-py3-none-manylinux_2_17_i686.manylinux2014_i686.whl", hash = "sha256:2dcc987551952d73cbf5c88d9fdee815618d497e4df86cd4c4824cc59d5dd75f", size = 11045791, upload-time = "2026-02-19T22:32:31.642Z" },
    { url = "https://files.pythonhosted.org/packages/fd/52/db6e419908f45a894924d410ac77d64bdd98ff86901d833364251bd08e22/ruff-0.15.2-py3-none-manylinux_2_17_ppc64le.manylinux2014_ppc64le.whl", hash = "sha256:42a47fd785cbe8c01b9ff45031af875d101b040ad8f4de7bbb716487c74c9a77", size = 11879271, upload-time = "2026-02-19T22:32:29.305Z" },
    { url = "https://files.pythonhosted.org/packages/3e/d8/7992b18f2008bdc9231d0f10b16df7dda964dbf639e2b8b4c1b4e91b83af/ruff-0.15.2-py3-none-manylinux_2_17_s390x.manylinux2014_s390x.whl", hash = "sha256:cbe9f49354866e575b4c6943856989f966421870e85cd2ac94dccb0a9dcb2fea", size = 11303707, upload-time = "2026-02-19T22:32:22.492Z" },
    { url = "https://files.pythonhosted.org/packages/d7/02/849b46184bcfdd4b64cde61752cc9a146c54759ed036edd11857e9b8443b/ruff-0.15.2-py3-none-manylinux_2_17_x86_64.manylinux2014_x86_64.whl", hash = "sha256:b7a672c82b5f9887576087d97be5ce439f04bbaf548ee987b92d3a7dede41d3a", size = 11149151, upload-time = "2026-02-19T22:32:44.234Z" },
    { url = "https://files.pythonhosted.org/packages/70/04/f5284e388bab60d1d3b99614a5a9aeb03e0f333847e2429bebd2aaa1feec/ruff-0.15.2-py3-none-manylinux_2_31_riscv64.whl", hash = "sha256:72ecc64f46f7019e2bcc3cdc05d4a7da958b629a5ab7033195e11a438403d956", size = 11091132, upload-time = "2026-02-19T22:32:24.691Z" },
    { url = "https://files.pythonhosted.org/packages/fa/ae/88d844a21110e14d92cf73d57363fab59b727ebeabe78009b9ccb23500af/ruff-0.15.2-py3-none-musllinux_1_2_aarch64.whl", hash = "sha256:8dcf243b15b561c655c1ef2f2b0050e5d50db37fe90115507f6ff37d865dc8b4", size = 10504717, upload-time = "2026-02-19T22:32:26.75Z" },
    { url = "https://files.pythonhosted.org/packages/64/27/867076a6ada7f2b9c8292884ab44d08fd2ba71bd2b5364d4136f3cd537e1/ruff-0.15.2-py3-none-musllinux_1_2_armv7l.whl", hash = "sha256:dab6941c862c05739774677c6273166d2510d254dac0695c0e3f5efa1b5585de", size = 10263122, upload-time = "2026-02-19T22:32:10.036Z" },
    { url = "https://files.pythonhosted.org/packages/e7/ef/faf9321d550f8ebf0c6373696e70d1758e20ccdc3951ad7af00c0956be7c/ruff-0.15.2-py3-none-musllinux_1_2_i686.whl", hash = "sha256:1b9164f57fc36058e9a6806eb92af185b0697c9fe4c7c52caa431c6554521e5c", size = 10735295, upload-time = "2026-02-19T22:32:39.227Z" },
    { url = "https://files.pythonhosted.org/packages/2f/55/e8089fec62e050ba84d71b70e7834b97709ca9b7aba10c1a0b196e493f97/ruff-0.15.2-py3-none-musllinux_1_2_x86_64.whl", hash = "sha256:80d24fcae24d42659db7e335b9e1531697a7102c19185b8dc4a028b952865fd8", size = 11241641, upload-time = "2026-02-19T22:32:34.617Z" },
    { url = "https://files.pythonhosted.org/packages/23/01/1c30526460f4d23222d0fabd5888868262fd0e2b71a00570ca26483cd993/ruff-0.15.2-py3-none-win32.whl", hash = "sha256:fd5ff9e5f519a7e1bd99cbe8daa324010a74f5e2ebc97c6242c08f26f3714f6f", size = 10507885, upload-time = "2026-02-19T22:32:15.635Z" },
    { url = "https://files.pythonhosted.org/packages/5c/10/3d18e3bbdf8fc50bbb4ac3cc45970aa5a9753c5cb51bf9ed9a3cd8b79fa3/ruff-0.15.2-py3-none-win_amd64.whl", hash = "sha256:d20014e3dfa400f3ff84830dfb5755ece2de45ab62ecea4af6b7262d0fb4f7c5", size = 11623725, upload-time = "2026-02-19T22:32:04.947Z" },
    { url = "https://files.pythonhosted.org/packages/6d/78/097c0798b1dab9f8affe73da9642bb4500e098cb27fd8dc9724816ac747b/ruff-0.15.2-py3-none-win_arm64.whl", hash = "sha256:cabddc5822acdc8f7b5527b36ceac55cc51eec7b1946e60181de8fe83ca8876e", size = 10941649, upload-time = "2026-02-19T22:32:18.108Z" },
]

[[package]]
name = "ty"
version = "0.0.17"
source = { registry = "https://pypi.org/simple" }
sdist = { url = "https://files.pythonhosted.org/packages/66/c3/41ae6346443eedb65b96761abfab890a48ce2aa5a8a27af69c5c5d99064d/ty-0.0.17.tar.gz", hash = "sha256:847ed6c120913e280bf9b54d8eaa7a1049708acb8824ad234e71498e8ad09f97", size = 5167209, upload-time = "2026-02-13T13:26:36.835Z" }
wheels = [
    { url = "https://files.pythonhosted.org/packages/c0/01/0ef15c22a1c54b0f728ceff3f62d478dbf8b0dcf8ff7b80b954f79584f3e/ty-0.0.17-py3-none-linux_armv6l.whl", hash = "sha256:64a9a16555cc8867d35c2647c2f1afbd3cae55f68fd95283a574d1bb04fe93e0", size = 10192793, upload-time = "2026-02-13T13:27:13.943Z" },
    { url = "https://files.pythonhosted.org/packages/0f/2c/f4c322d9cded56edc016b1092c14b95cf58c8a33b4787316ea752bb9418e/ty-0.0.17-py3-none-macosx_10_12_x86_64.whl", hash = "sha256:eb2dbd8acd5c5a55f4af0d479523e7c7265a88542efe73ed3d696eb1ba7b6454", size = 10051977, upload-time = "2026-02-13T13:26:57.741Z" },
    { url = "https://files.pythonhosted.org/packages/4c/a5/43746c1ff81e784f5fc303afc61fe5bcd85d0fcf3ef65cb2cef78c7486c7/ty-0.0.17-py3-none-macosx_11_0_arm64.whl", hash = "sha256:f18f5fd927bc628deb9ea2df40f06b5f79c5ccf355db732025a3e8e7152801f6", size = 9564639, upload-time = "2026-02-13T13:26:42.781Z" },
    { url = "https://files.pythonhosted.org/packages/d6/b8/280b04e14a9c0474af574f929fba2398b5e1c123c1e7735893b4cd73d13c/ty-0.0.17-py3-none-manylinux_2_17_aarch64.manylinux2014_aarch64.whl", hash = "sha256:5383814d1d7a5cc53b3b07661856bab04bb2aac7a677c8d33c55169acdaa83df", size = 10061204, upload-time = "2026-02-13T13:27:00.152Z" },
    { url = "https://files.pythonhosted.org/packages/2a/d7/493e1607d8dfe48288d8a768a2adc38ee27ef50e57f0af41ff273987cda0/ty-0.0.17-py3-none-manylinux_2_17_armv7l.manylinux2014_armv7l.whl", hash = "sha256:9c20423b8744b484f93e7bf2ef8a9724bca2657873593f9f41d08bd9f83444c9", size = 10013116, upload-time = "2026-02-13T13:26:34.543Z" },
    { url = "https://files.pythonhosted.org/packages/80/ef/22f3ed401520afac90dbdf1f9b8b7755d85b0d5c35c1cb35cf5bd11b59c2/ty-0.0.17-py3-none-manylinux_2_17_i686.manylinux2014_i686.whl", hash = "sha256:e6f5b1aba97db9af86517b911674b02f5bc310750485dc47603a105bd0e83ddd", size = 10533623, upload-time = "2026-02-13T13:26:31.449Z" },
    { url = "https://files.pythonhosted.org/packages/75/ce/744b15279a11ac7138832e3a55595706b4a8a209c9f878e3ab8e571d9032/ty-0.0.17-py3-none-manylinux_2_17_ppc64le.manylinux2014_ppc64le.whl", hash = "sha256:488bce1a9bea80b851a97cd34c4d2ffcd69593d6c3f54a72ae02e5c6e47f3d0c", size = 11069750, upload-time = "2026-02-13T13:26:48.638Z" },
    { url = "https://files.pythonhosted.org/packages/f2/be/1133c91f15a0e00d466c24f80df486d630d95d1b2af63296941f7473812f/ty-0.0.17-py3-none-manylinux_2_17_s390x.manylinux2014_s390x.whl", hash = "sha256:8df66b91ec84239420985ec215e7f7549bfda2ac036a3b3c065f119d1c06825a", size = 10870862, upload-time = "2026-02-13T13:26:54.715Z" },
    { url = "https://files.pythonhosted.org/packages/3e/4a/a2ed209ef215b62b2d3246e07e833081e07d913adf7e0448fc204be443d6/ty-0.0.17-py3-none-manylinux_2_17_x86_64.manylinux2014_x86_64.whl", hash = "sha256:002139e807c53002790dfefe6e2f45ab0e04012e76db3d7c8286f96ec121af8f", size = 10628118, upload-time = "2026-02-13T13:26:45.439Z" },
    { url = "https://files.pythonhosted.org/packages/b3/0c/87476004cb5228e9719b98afffad82c3ef1f84334bde8527bcacba7b18cb/ty-0.0.17-py3-none-musllinux_1_2_aarch64.whl", hash = "sha256:6c4e01f05ce82e5d489ab3900ca0899a56c4ccb52659453780c83e5b19e2b64c", size = 10038185, upload-time = "2026-02-13T13:27:02.693Z" },
    { url = "https://files.pythonhosted.org/packages/46/4b/98f0b3ba9aef53c1f0305519536967a4aa793a69ed72677b0a625c5313ac/ty-0.0.17-py3-none-musllinux_1_2_armv7l.whl", hash = "sha256:2b226dd1e99c0d2152d218c7e440150d1a47ce3c431871f0efa073bbf899e881", size = 10047644, upload-time = "2026-02-13T13:27:05.474Z" },
    { url = "https://files.pythonhosted.org/packages/93/e0/06737bb80aa1a9103b8651d2eb691a7e53f1ed54111152be25f4a02745db/ty-0.0.17-py3-none-musllinux_1_2_i686.whl", hash = "sha256:8b11f1da7859e0ad69e84b3c5ef9a7b055ceed376a432fad44231bdfc48061c2", size = 10231140, upload-time = "2026-02-13T13:27:10.844Z" },
    { url = "https://files.pythonhosted.org/packages/7c/79/e2a606bd8852383ba9abfdd578f4a227bd18504145381a10a5f886b4e751/ty-0.0.17-py3-none-musllinux_1_2_x86_64.whl", hash = "sha256:c04e196809ff570559054d3e011425fd7c04161529eb551b3625654e5f2434cb", size = 10718344, upload-time = "2026-02-13T13:26:51.66Z" },
    { url = "https://files.pythonhosted.org/packages/c5/2d/2663984ac11de6d78f74432b8b14ba64d170b45194312852b7543cf7fd56/ty-0.0.17-py3-none-win32.whl", hash = "sha256:305b6ed150b2740d00a817b193373d21f0767e10f94ac47abfc3b2e5a5aec809", size = 9672932, upload-time = "2026-02-13T13:27:08.522Z" },
    { url = "https://files.pythonhosted.org/packages/de/b5/39be78f30b31ee9f5a585969930c7248354db90494ff5e3d0756560fb731/ty-0.0.17-py3-none-win_amd64.whl", hash = "sha256:531828267527aee7a63e972f54e5eee21d9281b72baf18e5c2850c6b862add83", size = 10542138, upload-time = "2026-02-13T13:27:17.084Z" },
    { url = "https://files.pythonhosted.org/packages/40/b7/f875c729c5d0079640c75bad2c7e5d43edc90f16ba242f28a11966df8f65/ty-0.0.17-py3-none-win_arm64.whl", hash = "sha256:de9810234c0c8d75073457e10a84825b9cd72e6629826b7f01c7a0b266ae25b1", size = 10023068, upload-time = "2026-02-13T13:26:39.637Z" },
]

[[package]]
name = "zensical"
version = "0.0.23"
source = { registry = "https://pypi.org/simple" }
dependencies = [
    { name = "click" },
    { name = "deepmerge" },
    { name = "markdown" },
    { name = "pygments" },
    { name = "pymdown-extensions" },
    { name = "pyyaml" },
]
sdist = { url = "https://files.pythonhosted.org/packages/a3/ab/a65452b4e769552fd5a78c4996d6cf322630d896ddfd55c5433d96485e8b/zensical-0.0.23.tar.gz", hash = "sha256:5c4fc3aaf075df99d8cf41b9f2566e4d588180d9a89493014d3607dfe50ac4bc", size = 3822451, upload-time = "2026-02-11T21:24:38.373Z" }
wheels = [
    { url = "https://files.pythonhosted.org/packages/66/86/035aa02bd36d26a03a1885bc22a73d4fe61ba0e21d0033cc42baf13d24f6/zensical-0.0.23-cp310-abi3-macosx_10_12_x86_64.whl", hash = "sha256:35d6d3eb803fe73a67187a1a25443408bd02a8dd50e151f4a4bafd40de3f0928", size = 12242966, upload-time = "2026-02-11T21:24:05.894Z" },
    { url = "https://files.pythonhosted.org/packages/be/68/335dfbb7efc972964f0610736a0ad243dd8a5dcc2ec76b9ddb84c847a4a4/zensical-0.0.23-cp310-abi3-macosx_11_0_arm64.whl", hash = "sha256:5973267460a190f348f24d445ff0c01e8ed334fd075947687b305e68257f6b18", size = 12125173, upload-time = "2026-02-11T21:24:08.507Z" },
    { url = "https://files.pythonhosted.org/packages/25/9c/d567da04fbeb077df5cf06a94f947af829ebef0ff5ca7d0ba4910a6cbdf6/zensical-0.0.23-cp310-abi3-manylinux_2_17_aarch64.manylinux2014_aarch64.whl", hash = "sha256:953adf1f0b346a6c65fc6e05e6cc1c38a6440fec29c50c76fb29700cc1927006", size = 12489636, upload-time = "2026-02-11T21:24:10.91Z" },
    { url = "https://files.pythonhosted.org/packages/fe/6e/481a3ecf8a7b63a35c67f5be1ea548185d55bb1dacead54f76a9550197b2/zensical-0.0.23-cp310-abi3-manylinux_2_17_armv7l.manylinux2014_armv7l.whl", hash = "sha256:49c1cbd6131dafa056be828e081759184f9b8dd24b99bf38d1e77c8c31b0c720", size = 12421313, upload-time = "2026-02-11T21:24:13.9Z" },
    { url = "https://files.pythonhosted.org/packages/ba/aa/a95481547f708432636f5f8155917c90d877c244c62124a084f7448b60b2/zensical-0.0.23-cp310-abi3-manylinux_2_17_i686.manylinux2014_i686.whl", hash = "sha256:f5b7fe22c5d33b2b91899c5df7631ad4ce9cccfabac2560cc92ba73eafe2d297", size = 12761031, upload-time = "2026-02-11T21:24:17.016Z" },
    { url = "https://files.pythonhosted.org/packages/c1/9f/ce1c5af9afd11fe3521a90441aba48c484f98730c6d833d69ee4387ae2e9/zensical-0.0.23-cp310-abi3-manylinux_2_17_x86_64.manylinux2014_x86_64.whl", hash = "sha256:9a3679d6bf6374f503afb74d9f6061da5de83c25922f618042b63a30b16f0389", size = 12527415, upload-time = "2026-02-11T21:24:19.558Z" },
    { url = "https://files.pythonhosted.org/packages/a8/b8/13a5d4d99f3b77e7bf4e791ef991a611ca2f108ed7eddf20858544ab0a91/zensical-0.0.23-cp310-abi3-musllinux_1_2_aarch64.whl", hash = "sha256:54d981e21a19c3dcec6e7fa77c4421db47389dfdff20d29fea70df8e1be4062e", size = 12665352, upload-time = "2026-02-11T21:24:22.703Z" },
    { url = "https://files.pythonhosted.org/packages/ad/84/3d0a187ed941826ca26b19a661c41685d8017b2a019afa0d353eb2ebbdba/zensical-0.0.23-cp310-abi3-musllinux_1_2_armv7l.whl", hash = "sha256:afde7865cc3c79c99f6df4a911d638fb2c3b472a1b81367d47163f8e3c36f910", size = 12689042, upload-time = "2026-02-11T21:24:26.118Z" },
    { url = "https://files.pythonhosted.org/packages/f0/65/12466408f428f2cf7140b32d484753db0891debae3c956f4c076b51eeb17/zensical-0.0.23-cp310-abi3-musllinux_1_2_i686.whl", hash = "sha256:c484674d7b0a3e6d39db83914db932249bccdef2efaf8a5669671c66c16f584d", size = 12834779, upload-time = "2026-02-11T21:24:28.788Z" },
    { url = "https://files.pythonhosted.org/packages/a9/ab/0771ac6ffb30e4f04c20374e3beca9e71c3f81112219cdbd86cdc0e3d337/zensical-0.0.23-cp310-abi3-musllinux_1_2_x86_64.whl", hash = "sha256:927d12fe2851f355fb3206809e04641d6651bdd2ff4afe9c205721aa3a32aa82", size = 12797057, upload-time = "2026-02-11T21:24:31.383Z" },
    { url = "https://files.pythonhosted.org/packages/4b/ce/fbd45c00a1cba15508ea3c29b121b4be010254eb65c1512bf11f4478496c/zensical-0.0.23-cp310-abi3-win32.whl", hash = "sha256:ffb79db4244324e9cc063d16adff25a40b145153e5e76d75e0012ba3c05af25d", size = 11837823, upload-time = "2026-02-11T21:24:33.869Z" },
    { url = "https://files.pythonhosted.org/packages/37/82/0aebaa8e7d2e6314a85d9b7ff3f7fc74837a94086b56a9d5d8f2240e9b9c/zensical-0.0.23-cp310-abi3-win_amd64.whl", hash = "sha256:a8cfe240dca75231e8e525985366d010d09ee73aec0937930e88f7230694ce01", size = 12036837, upload-time = "2026-02-11T21:24:36.163Z" },
]
